Microsoft Visual Studio Solution File, Format Version 12.00
# Visual Studio 2012
Project("{FAE04EC0-301F-11D3-BF4B-00C04F79EFBC}") = "CarrotCottage", "CarrotCottage.csproj", "{9CDAD458-AA99-4F6C-AA3D-4526306DACDA}"
EndProject
Global
	GlobalSection(SolutionConfigurationPlatforms) = preSolution
	Debug|Any CPU = Debug|Any CPU
	ExportDebug|Any CPU = ExportDebug|Any CPU
	ExportRelease|Any CPU = ExportRelease|Any CPU
	EndGlobalSection
	GlobalSection(ProjectConfigurationPlatforms) = postSolution
		{9CDAD458-AA99-4F6C-AA3D-4526306DACDA}.Debug|Any CPU.ActiveCfg = Debug|Any CPU
		{9CDAD458-AA99-4F6C-AA3D-4526306DACDA}.Debug|Any CPU.Build.0 = Debug|Any CPU
		{9CDAD458-AA99-4F6C-AA3D-4526306DACDA}.ExportDebug|Any CPU.ActiveCfg = ExportDebug|Any CPU
		{9CDAD458-AA99-4F6C-AA3D-4526306DACDA}.ExportDebug|Any CPU.Build.0 = ExportDebug|Any CPU
		{9CDAD458-AA99-4F6C-AA3D-4526306DACDA}.ExportRelease|Any CPU.ActiveCfg = ExportRelease|Any CPU
		{9CDAD458-AA99-4F6C-AA3D-4526306DACDA}.ExportRelease|Any CPU.Build.0 = ExportRelease|Any CPU
	EndGlobalSection
EndGlobal
